
Microsoft Visual Studio Solution File, Format Version 12.00
# Visual Studio Version 17
VisualStudioVersion = 17.14.36804.6 d17.14
MinimumVisualStudioVersion = 10.0.40219.1
Project("{FAE04EC0-301F-11D3-BF4B-00C04F79EFBC}") = "Skyrim Audio Selector", "Skyrim Audio Selector\Skyrim Audio Selector.csproj", "{BA07B2CE-8D52-4E24-A5EB-B6C6BB7A50AB}"
EndProject
Global
	GlobalSection(SolutionConfigurationPlatforms) = preSolution
		Debug|Any CPU = Debug|Any CPU
		Release|Any CPU = Release|Any CPU
	EndGlobalSection
	GlobalSection(ProjectConfigurationPlatforms) = postSolution
		{BA07B2CE-8D52-4E24-A5EB-B6C6BB7A50AB}.Debug|Any CPU.ActiveCfg = Debug|Any CPU
		{BA07B2CE-8D52-4E24-A5EB-B6C6BB7A50AB}.Debug|Any CPU.Build.0 = Debug|Any CPU
		{BA07B2CE-8D52-4E24-A5EB-B6C6BB7A50AB}.Release|Any CPU.ActiveCfg = Release|Any CPU
		{BA07B2CE-8D52-4E24-A5EB-B6C6BB7A50AB}.Release|Any CPU.Build.0 = Release|Any CPU
	EndGlobalSection
	GlobalSection(SolutionProperties) = preSolution
		HideSolutionNode = FALSE
	EndGlobalSection
	GlobalSection(ExtensibilityGlobals) = postSolution
		SolutionGuid = {D933C0F0-4F17-4B13-B90E-0FEEC42D9F45}
	EndGlobalSection
EndGlobal
